// !$*UTF8*$!
{
	archiveVersion = 1;
	classes = {
	};
	objectVersion = 46;
	objects = {

/* Begin PBXBuildFile section */
		5A54C97B0DA56F2A7513FD4D /* libPods.a in Frameworks */ = {isa = PBXBuildFile; fileRef = 9107A0FC066A6C45B68DBB70 /* libPods.a */; };
		7B8996D71D19813000EEDC8E /* main.m in Sources */ = {isa = PBXBuildFile; fileRef = 7B8996D61D19813000EEDC8E /* main.m */; };
		7B8996DA1D19813000EEDC8E /* AppDelegate.m in Sources */ = {isa = PBXBuildFile; fileRef = 7B8996D91D19813000EEDC8E /* AppDelegate.m */; };
		7B8996E31D19813000EEDC8E /* FFUtil.xcdatamodeld in Sources */ = {isa = PBXBuildFile; fileRef = 7B8996E11D19813000EEDC8E /* FFUtil.xcdatamodeld */; };
		7B8996E51D19813000EEDC8E /* Assets.xcassets in Resources */ = {isa = PBXBuildFile; fileRef = 7B8996E41D19813000EEDC8E /* Assets.xcassets */; };
		7B8996E81D19813000EEDC8E /* LaunchScreen.storyboard in Resources */ = {isa = PBXBuildFile; fileRef = 7B8996E61D19813000EEDC8E /* LaunchScreen.storyboard */; };
		7B8996F31D19813000EEDC8E /* FFUtilTests.m in Sources */ = {isa = PBXBuildFile; fileRef = 7B8996F21D19813000EEDC8E /* FFUtilTests.m */; };
		7B8996FE1D19813000EEDC8E /* FFUtilUITests.m in Sources */ = {isa = PBXBuildFile; fileRef = 7B8996FD1D19813000EEDC8E /* FFUtilUITests.m */; };
		F33B75CF1D46042400C494D0 /* FFAutoLayoutDemoController.m in Sources */ = {isa = PBXBuildFile; fileRef = F33B75CD1D46042400C494D0 /* FFAutoLayoutDemoController.m */; };
		F33B75D01D46042400C494D0 /* FFAutoLayoutDemoController.xib in Resources */ = {isa = PBXBuildFile; fileRef = F33B75CE1D46042400C494D0 /* FFAutoLayoutDemoController.xib */; };
		F33B75D41D46055100C494D0 /* UIView+FFAutoLayout.m in Sources */ = {isa = PBXBuildFile; fileRef = F33B75D31D46055100C494D0 /* UIView+FFAutoLayout.m */; };
		F3478F751D1A373600119E8E /* FFNavigationController.m in Sources */ = {isa = PBXBuildFile; fileRef = F3478F741D1A373600119E8E /* FFNavigationController.m */; };
		F3478F781D1A374A00119E8E /* FFTabBarController.m in Sources */ = {isa = PBXBuildFile; fileRef = F3478F771D1A374A00119E8E /* FFTabBarController.m */; };
		F3478F7B1D1A37AC00119E8E /* FFDefine.m in Sources */ = {isa = PBXBuildFile; fileRef = F3478F7A1D1A37AC00119E8E /* FFDefine.m */; };
		F3478F7F1D1A382000119E8E /* FFTest1Controller.m in Sources */ = {isa = PBXBuildFile; fileRef = F3478F7D1D1A382000119E8E /* FFTest1Controller.m */; };
		F3478F801D1A382000119E8E /* FFTest1Controller.xib in Resources */ = {isa = PBXBuildFile; fileRef = F3478F7E1D1A382000119E8E /* FFTest1Controller.xib */; };
		F3478F841D1A383000119E8E /* FFTest2Controller.m in Sources */ = {isa = PBXBuildFile; fileRef = F3478F821D1A383000119E8E /* FFTest2Controller.m */; };
		F3478F851D1A383000119E8E /* FFTest2Controller.xib in Resources */ = {isa = PBXBuildFile; fileRef = F3478F831D1A383000119E8E /* FFTest2Controller.xib */; };
		F3478F891D1A383E00119E8E /* FFTest3Controller.m in Sources */ = {isa = PBXBuildFile; fileRef = F3478F871D1A383E00119E8E /* FFTest3Controller.m */; };
		F3478F8A1D1A383E00119E8E /* FFTest3Controller.xib in Resources */ = {isa = PBXBuildFile; fileRef = F3478F881D1A383E00119E8E /* FFTest3Controller.xib */; };
		F3478F8E1D1A384B00119E8E /* FFTest4Controller.m in Sources */ = {isa = PBXBuildFile; fileRef = F3478F8C1D1A384B00119E8E /* FFTest4Controller.m */; };
		F3478F8F1D1A384B00119E8E /* FFTest4Controller.xib in Resources */ = {isa = PBXBuildFile; fileRef = F3478F8D1D1A384B00119E8E /* FFTest4Controller.xib */; };
		F35CE4E01D281C2300592AD1 /* iflyMSC.framework in Frameworks */ = {isa = PBXBuildFile; fileRef = F35CE4DF1D281C2300592AD1 /* iflyMSC.framework */; };
		F35CE4E21D281D7B00592AD1 /* libz.tbd in Frameworks */ = {isa = PBXBuildFile; fileRef = F35CE4E11D281D7B00592AD1 /* libz.tbd */; };
		F35CE4E41D281D8D00592AD1 /* AVFoundation.framework in Frameworks */ = {isa = PBXBuildFile; fileRef = F35CE4E31D281D8D00592AD1 /* AVFoundation.framework */; };
		F35CE4E61D281D9700592AD1 /* SystemConfiguration.framework in Frameworks */ = {isa = PBXBuildFile; fileRef = F35CE4E51D281D9700592AD1 /* SystemConfiguration.framework */; };
		F35CE4E81D281DA300592AD1 /* Foundation.framework in Frameworks */ = {isa = PBXBuildFile; fileRef = F35CE4E71D281DA300592AD1 /* Foundation.framework */; };
		F35CE4EA1D281DB600592AD1 /* CoreTelephony.framework in Frameworks */ = {isa = PBXBuildFile; fileRef = F35CE4E91D281DB600592AD1 /* CoreTelephony.framework */; };
		F35CE4EC1D281DC100592AD1 /* AudioToolbox.framework in Frameworks */ = {isa = PBXBuildFile; fileRef = F35CE4EB1D281DC100592AD1 /* AudioToolbox.framework */; };
		F35CE4EE1D281DCB00592AD1 /* UIKit.framework in Frameworks */ = {isa = PBXBuildFile; fileRef = F35CE4ED1D281DCB00592AD1 /* UIKit.framework */; };
		F35CE4F01D281DD500592AD1 /* CoreLocation.framework in Frameworks */ = {isa = PBXBuildFile; fileRef = F35CE4EF1D281DD500592AD1 /* CoreLocation.framework */; };
		F35CE4F21D281DE000592AD1 /* AddressBook.framework in Frameworks */ = {isa = PBXBuildFile; fileRef = F35CE4F11D281DE000592AD1 /* AddressBook.framework */; };
		F35CE4F41D281DE800592AD1 /* QuartzCore.framework in Frameworks */ = {isa = PBXBuildFile; fileRef = F35CE4F31D281DE800592AD1 /* QuartzCore.framework */; };
		F35CE4F61D281DF100592AD1 /* CoreGraphics.framework in Frameworks */ = {isa = PBXBuildFile; fileRef = F35CE4F51D281DF100592AD1 /* CoreGraphics.framework */; };
		F35CE4F81D281E1900592AD1 /* libc++.tbd in Frameworks */ = {isa = PBXBuildFile; fileRef = F35CE4F71D281E1900592AD1 /* libc++.tbd */; };
		F3EF815C1D287D22005C1BC1 /* FFVoiceUtil.m in Sources */ = {isa = PBXBuildFile; fileRef = F3EF815B1D287D22005C1BC1 /* FFVoiceUtil.m */; };
		F3EF815F1D28BCAF005C1BC1 /* IATConfig.m in Sources */ = {isa = PBXBuildFile; fileRef = F3EF815E1D28BCAF005C1BC1 /* IATConfig.m */; };
		F3EF81621D28BE2F005C1BC1 /* ISRDataHelper.m in Sources */ = {isa = PBXBuildFile; fileRef = F3EF81611D28BE2F005C1BC1 /* ISRDataHelper.m */; };
/* End PBXBuildFile section */

/* Begin PBXContainerItemProxy section */
		7B8996EF1D19813000EEDC8E /* PBXContainerItemProxy */ = {
			isa = PBXContainerItemProxy;
			containerPortal = 7B8996CA1D19813000EEDC8E /* Project object */;
			proxyType = 1;
			remoteGlobalIDString = 7B8996D11D19813000EEDC8E;
			remoteInfo = FFUtil;
		};
		7B8996FA1D19813000EEDC8E /* PBXContainerItemProxy */ = {
			isa = PBXContainerItemProxy;
			containerPortal = 7B8996CA1D19813000EEDC8E /* Project object */;
			proxyType = 1;
			remoteGlobalIDString = 7B8996D11D19813000EEDC8E;
			remoteInfo = FFUtil;
		};
/* End PBXContainerItemProxy section */

/* Begin PBXFileReference section */
		7B8996D21D19813000EEDC8E /* FFUtil.app */ = {isa = PBXFileReference; explicitFileType = wrapper.application; includeInIndex = 0; path = FFUtil.app; sourceTree = BUILT_PRODUCTS_DIR; };
		7B8996D61D19813000EEDC8E /* main.m */ = {isa = PBXFileReference; lastKnownFileType = sourcecode.c.objc; path = main.m; sourceTree = "<group>"; };
		7B8996D81D19813000EEDC8E /* AppDelegate.h */ = {isa = PBXFileReference; lastKnownFileType = sourcecode.c.h; path = AppDelegate.h; sourceTree = "<group>"; };
		7B8996D91D19813000EEDC8E /* AppDelegate.m */ = {isa = PBXFileReference; lastKnownFileType = sourcecode.c.objc; path = AppDelegate.m; sourceTree = "<group>"; };
		7B8996E21D19813000EEDC8E /* FFUtil.xcdatamodel */ = {isa = PBXFileReference; lastKnownFileType = wrapper.xcdatamodel; path = FFUtil.xcdatamodel; sourceTree = "<group>"; };
		7B8996E41D19813000EEDC8E /* Assets.xcassets */ = {isa = PBXFileReference; lastKnownFileType = folder.assetcatalog; path = Assets.xcassets; sourceTree = "<group>"; };
		7B8996E71D19813000EEDC8E /* Base */ = {isa = PBXFileReference; lastKnownFileType = file.storyboard; name = Base; path = Base.lproj/LaunchScreen.storyboard; sourceTree = "<group>"; };
		7B8996E91D19813000EEDC8E /* Info.plist */ = {isa = PBXFileReference; lastKnownFileType = text.plist.xml; path = Info.plist; sourceTree = "<group>"; };
		7B8996EE1D19813000EEDC8E /* FFUtilTests.xctest */ = {isa = PBXFileReference; explicitFileType = wrapper.cfbundle; includeInIndex = 0; path = FFUtilTests.xctest; sourceTree = BUILT_PRODUCTS_DIR; };
		7B8996F21D19813000EEDC8E /* FFUtilTests.m */ = {isa = PBXFileReference; lastKnownFileType = sourcecode.c.objc; path = FFUtilTests.m; sourceTree = "<group>"; };
		7B8996F41D19813000EEDC8E /* Info.plist */ = {isa = PBXFileReference; lastKnownFileType = text.plist.xml; path = Info.plist; sourceTree = "<group>"; };
		7B8996F91D19813000EEDC8E /* FFUtilUITests.xctest */ = {isa = PBXFileReference; explicitFileType = wrapper.cfbundle; includeInIndex = 0; path = FFUtilUITests.xctest; sourceTree = BUILT_PRODUCTS_DIR; };
		7B8996FD1D19813000EEDC8E /* FFUtilUITests.m */ = {isa = PBXFileReference; lastKnownFileType = sourcecode.c.objc; path = FFUtilUITests.m; sourceTree = "<group>"; };
		7B8996FF1D19813000EEDC8E /* Info.plist */ = {isa = PBXFileReference; lastKnownFileType = text.plist.xml; path = Info.plist; sourceTree = "<group>"; };
		838999ED8DE8296D398875C8 /* Pods.debug.xcconfig */ = {isa = PBXFileReference; includeInIndex = 1; lastKnownFileType = text.xcconfig; name = Pods.debug.xcconfig; path = "Pods/Target Support Files/Pods/Pods.debug.xcconfig"; sourceTree = "<group>"; };
		9107A0FC066A6C45B68DBB70 /* libPods.a */ = {isa = PBXFileReference; explicitFileType = archive.ar; includeInIndex = 0; path = libPods.a; sourceTree = BUILT_PRODUCTS_DIR; };
		F26C67B5AD09FF3FDAC60951 /* Pods.release.xcconfig */ = {isa = PBXFileReference; includeInIndex = 1; lastKnownFileType = text.xcconfig; name = Pods.release.xcconfig; path = "Pods/Target Support Files/Pods/Pods.release.xcconfig"; sourceTree = "<group>"; };
		F33B75CC1D46042400C494D0 /* FFAutoLayoutDemoController.h */ = {isa = PBXFileReference; fileEncoding = 4; lastKnownFileType = sourcecode.c.h; path = FFAutoLayoutDemoController.h; sourceTree = "<group>"; };
		F33B75CD1D46042400C494D0 /* FFAutoLayoutDemoController.m */ = {isa = PBXFileReference; fileEncoding = 4; lastKnownFileType = sourcecode.c.objc; path = FFAutoLayoutDemoController.m; sourceTree = "<group>"; };
		F33B75CE1D46042400C494D0 /* FFAutoLayoutDemoController.xib */ = {isa = PBXFileReference; fileEncoding = 4; lastKnownFileType = file.xib; path = FFAutoLayoutDemoController.xib; sourceTree = "<group>"; };
		F33B75D21D46055100C494D0 /* UIView+FFAutoLayout.h */ = {isa = PBXFileReference; fileEncoding = 4; lastKnownFileType = sourcecode.c.h; path = "UIView+FFAutoLayout.h"; sourceTree = "<group>"; };
		F33B75D31D46055100C494D0 /* UIView+FFAutoLayout.m */ = {isa = PBXFileReference; fileEncoding = 4; lastKnownFileType = sourcecode.c.objc; path = "UIView+FFAutoLayout.m"; sourceTree = "<group>"; };
		F3478F731D1A373600119E8E /* FFNavigationController.h */ = {isa = PBXFileReference; fileEncoding = 4; lastKnownFileType = sourcecode.c.h; path = FFNavigationController.h; sourceTree = "<group>"; };
		F3478F741D1A373600119E8E /* FFNavigationController.m */ = {isa = PBXFileReference; fileEncoding = 4; lastKnownFileType = sourcecode.c.objc; path = FFNavigationController.m; sourceTree = "<group>"; };
		F3478F761D1A374A00119E8E /* FFTabBarController.h */ = {isa = PBXFileReference; fileEncoding = 4; lastKnownFileType = sourcecode.c.h; path = FFTabBarController.h; sourceTree = "<group>"; };
		F3478F771D1A374A00119E8E /* FFTabBarController.m */ = {isa = PBXFileReference; fileEncoding = 4; lastKnownFileType = sourcecode.c.objc; path = FFTabBarController.m; sourceTree = "<group>"; };
		F3478F791D1A37AC00119E8E /* FFDefine.h */ = {isa = PBXFileReference; fileEncoding = 4; lastKnownFileType = sourcecode.c.h; path = FFDefine.h; sourceTree = "<group>"; };
		F3478F7A1D1A37AC00119E8E /* FFDefine.m */ = {isa = PBXFileReference; fileEncoding = 4; lastKnownFileType = sourcecode.c.objc; path = FFDefine.m; sourceTree = "<group>"; };
		F3478F7C1D1A382000119E8E /* FFTest1Controller.h */ = {isa = PBXFileReference; fileEncoding = 4; lastKnownFileType = sourcecode.c.h; path = FFTest1Controller.h; sourceTree = "<group>"; };
		F3478F7D1D1A382000119E8E /* FFTest1Controller.m */ = {isa = PBXFileReference; fileEncoding = 4; lastKnownFileType = sourcecode.c.objc; path = FFTest1Controller.m; sourceTree = "<group>"; };
		F3478F7E1D1A382000119E8E /* FFTest1Controller.xib */ = {isa = PBXFileReference; fileEncoding = 4; lastKnownFileType = file.xib; path = FFTest1Controller.xib; sourceTree = "<group>"; };
		F3478F811D1A383000119E8E /* FFTest2Controller.h */ = {isa = PBXFileReference; fileEncoding = 4; lastKnownFileType = sourcecode.c.h; path = FFTest2Controller.h; sourceTree = "<group>"; };
		F3478F821D1A383000119E8E /* FFTest2Controller.m */ = {isa = PBXFileReference; fileEncoding = 4; lastKnownFileType = sourcecode.c.objc; path = FFTest2Controller.m; sourceTree = "<group>"; };
		F3478F831D1A383000119E8E /* FFTest2Controller.xib */ = {isa = PBXFileReference; fileEncoding = 4; lastKnownFileType = file.xib; path = FFTest2Controller.xib; sourceTree = "<group>"; };
		F3478F861D1A383E00119E8E /* FFTest3Controller.h */ = {isa = PBXFileReference; fileEncoding = 4; lastKnownFileType = sourcecode.c.h; path = FFTest3Controller.h; sourceTree = "<group>"; };
		F3478F871D1A383E00119E8E /* FFTest3Controller.m */ = {isa = PBXFileReference; fileEncoding = 4; lastKnownFileType = sourcecode.c.objc; path = FFTest3Controller.m; sourceTree = "<group>"; };
		F3478F881D1A383E00119E8E /* FFTest3Controller.xib */ = {isa = PBXFileReference; fileEncoding = 4; lastKnownFileType = file.xib; path = FFTest3Controller.xib; sourceTree = "<group>"; };
		F3478F8B1D1A384B00119E8E /* FFTest4Controller.h */ = {isa = PBXFileReference; fileEncoding = 4; lastKnownFileType = sourcecode.c.h; path = FFTest4Controller.h; sourceTree = "<group>"; };
		F3478F8C1D1A384B00119E8E /* FFTest4Controller.m */ = {isa = PBXFileReference; fileEncoding = 4; lastKnownFileType = sourcecode.c.objc; path = FFTest4Controller.m; sourceTree = "<group>"; };
		F3478F8D1D1A384B00119E8E /* FFTest4Controller.xib */ = {isa = PBXFileReference; fileEncoding = 4; lastKnownFileType = file.xib; path = FFTest4Controller.xib; sourceTree = "<group>"; };
		F35CE4DF1D281C2300592AD1 /* iflyMSC.framework */ = {isa = PBXFileReference; lastKnownFileType = wrapper.framework; path = iflyMSC.framework; sourceTree = "<group>"; };
		F35CE4E11D281D7B00592AD1 /* libz.tbd */ = {isa = PBXFileReference; lastKnownFileType = "sourcecode.text-based-dylib-definition"; name = libz.tbd; path = usr/lib/libz.tbd; sourceTree = SDKROOT; };
		F35CE4E31D281D8D00592AD1 /* AVFoundation.framework */ = {isa = PBXFileReference; lastKnownFileType = wrapper.framework; name = AVFoundation.framework; path = System/Library/Frameworks/AVFoundation.framework; sourceTree = SDKROOT; };
		F35CE4E51D281D9700592AD1 /* SystemConfiguration.framework */ = {isa = PBXFileReference; lastKnownFileType = wrapper.framework; name = SystemConfiguration.framework; path = System/Library/Frameworks/SystemConfiguration.framework; sourceTree = SDKROOT; };
		F35CE4E71D281DA300592AD1 /* Foundation.framework */ = {isa = PBXFileReference; lastKnownFileType = wrapper.framework; name = Foundation.framework; path = System/Library/Frameworks/Foundation.framework; sourceTree = SDKROOT; };
		F35CE4E91D281DB600592AD1 /* CoreTelephony.framework */ = {isa = PBXFileReference; lastKnownFileType = wrapper.framework; name = CoreTelephony.framework; path = System/Library/Frameworks/CoreTelephony.framework; sourceTree = SDKROOT; };
		F35CE4EB1D281DC100592AD1 /* AudioToolbox.framework */ = {isa = PBXFileReference; lastKnownFileType = wrapper.framework; name = AudioToolbox.framework; path = System/Library/Frameworks/AudioToolbox.framework; sourceTree = SDKROOT; };
		F35CE4ED1D281DCB00592AD1 /* UIKit.framework */ = {isa = PBXFileReference; lastKnownFileType = wrapper.framework; name = UIKit.framework; path = System/Library/Frameworks/UIKit.framework; sourceTree = SDKROOT; };
		F35CE4EF1D281DD500592AD1 /* CoreLocation.framework */ = {isa = PBXFileReference; lastKnownFileType = wrapper.framework; name = CoreLocation.framework; path = System/Library/Frameworks/CoreLocation.framework; sourceTree = SDKROOT; };
		F35CE4F11D281DE000592AD1 /* AddressBook.framework */ = {isa = PBXFileReference; lastKnownFileType = wrapper.framework; name = AddressBook.framework; path = System/Library/Frameworks/AddressBook.framework; sourceTree = SDKROOT; };
		F35CE4F31D281DE800592AD1 /* QuartzCore.framework */ = {isa = PBXFileReference; lastKnownFileType = wrapper.framework; name = QuartzCore.framework; path = System/Library/Frameworks/QuartzCore.framework; sourceTree = SDKROOT; };
		F35CE4F51D281DF100592AD1 /* CoreGraphics.framework */ = {isa = PBXFileReference; lastKnownFileType = wrapper.framework; name = CoreGraphics.framework; path = System/Library/Frameworks/CoreGraphics.framework; sourceTree = SDKROOT; };
		F35CE4F71D281E1900592AD1 /* libc++.tbd */ = {isa = PBXFileReference; lastKnownFileType = "sourcecode.text-based-dylib-definition"; name = "libc++.tbd"; path = "usr/lib/libc++.tbd"; sourceTree = SDKROOT; };
		F3EF815A1D287D22005C1BC1 /* FFVoiceUtil.h */ = {isa = PBXFileReference; fileEncoding = 4; lastKnownFileType = sourcecode.c.h; path = FFVoiceUtil.h; sourceTree = "<group>"; };
		F3EF815B1D287D22005C1BC1 /* FFVoiceUtil.m */ = {isa = PBXFileReference; fileEncoding = 4; lastKnownFileType = sourcecode.c.objc; path = FFVoiceUtil.m; sourceTree = "<group>"; };
		F3EF815D1D28BCAF005C1BC1 /* IATConfig.h */ = {isa = PBXFileReference; fileEncoding = 4; lastKnownFileType = sourcecode.c.h; path = IATConfig.h; sourceTree = "<group>"; };
		F3EF815E1D28BCAF005C1BC1 /* IATConfig.m */ = {isa = PBXFileReference; fileEncoding = 4; lastKnownFileType = sourcecode.c.objc; path = IATConfig.m; sourceTree = "<group>"; };
		F3EF81601D28BE2F005C1BC1 /* ISRDataHelper.h */ = {isa = PBXFileReference; fileEncoding = 4; lastKnownFileType = sourcecode.c.h; path = ISRDataHelper.h; sourceTree = "<group>"; };
		F3EF81611D28BE2F005C1BC1 /* ISRDataHelper.m */ = {isa = PBXFileReference; fileEncoding = 4; lastKnownFileType = sourcecode.c.objc; path = ISRDataHelper.m; sourceTree = "<group>"; };
/* End PBXFileReference section */

/* Begin PBXFrameworksBuildPhase section */
		7B8996CF1D19813000EEDC8E /* Frameworks */ = {
			isa = PBXFrameworksBuildPhase;
			buildActionMask = 2147483647;
			files = (
				F35CE4F81D281E1900592AD1 /* libc++.tbd in Frameworks */,
				F35CE4F61D281DF100592AD1 /* CoreGraphics.framework in Frameworks */,
				F35CE4F41D281DE800592AD1 /* QuartzCore.framework in Frameworks */,
				F35CE4F21D281DE000592AD1 /* AddressBook.framework in Frameworks */,
				F35CE4F01D281DD500592AD1 /* CoreLocation.framework in Frameworks */,
				F35CE4EE1D281DCB00592AD1 /* UIKit.framework in Frameworks */,
				F35CE4EC1D281DC100592AD1 /* AudioToolbox.framework in Frameworks */,
				F35CE4EA1D281DB600592AD1 /* CoreTelephony.framework in Frameworks */,
				F35CE4E81D281DA300592AD1 /* Foundation.framework in Frameworks */,
				F35CE4E61D281D9700592AD1 /* SystemConfiguration.framework in Frameworks */,
				F35CE4E41D281D8D00592AD1 /* AVFoundation.framework in Frameworks */,
				F35CE4E21D281D7B00592AD1 /* libz.tbd in Frameworks */,
				F35CE4E01D281C2300592AD1 /* iflyMSC.framework in Frameworks */,
				5A54C97B0DA56F2A7513FD4D /* libPods.a in Frameworks */,
			);
			runOnlyForDeploymentPostprocessing = 0;
		};
		7B8996EB1D19813000EEDC8E /* Frameworks */ = {
			isa = PBXFrameworksBuildPhase;
			buildActionMask = 2147483647;
			files = (
			);
			runOnlyForDeploymentPostprocessing = 0;
		};
		7B8996F61D19813000EEDC8E /* Frameworks */ = {
			isa = PBXFrameworksBuildPhase;
			buildActionMask = 2147483647;
			files = (
			);
			runOnlyForDeploymentPostprocessing = 0;
		};
/* End PBXFrameworksBuildPhase section */

/* Begin PBXGroup section */
		498AFB88D06BC6B100E2CC34 /* Pods */ = {
			isa = PBXGroup;
			children = (
				838999ED8DE8296D398875C8 /* Pods.debug.xcconfig */,
				F26C67B5AD09FF3FDAC60951 /* Pods.release.xcconfig */,
			);
			name = Pods;
			sourceTree = "<group>";
		};
		663F10B14D5CFD3CBA389A3F /* Frameworks */ = {
			isa = PBXGroup;
			children = (
				F35CE4F71D281E1900592AD1 /* libc++.tbd */,
				F35CE4F51D281DF100592AD1 /* CoreGraphics.framework */,
				F35CE4F31D281DE800592AD1 /* QuartzCore.framework */,
				F35CE4F11D281DE000592AD1 /* AddressBook.framework */,
				F35CE4EF1D281DD500592AD1 /* CoreLocation.framework */,
				F35CE4ED1D281DCB00592AD1 /* UIKit.framework */,
				F35CE4EB1D281DC100592AD1 /* AudioToolbox.framework */,
				F35CE4E91D281DB600592AD1 /* CoreTelephony.framework */,
				F35CE4E71D281DA300592AD1 /* Foundation.framework */,
				F35CE4E51D281D9700592AD1 /* SystemConfiguration.framework */,
				F35CE4E31D281D8D00592AD1 /* AVFoundation.framework */,
				F35CE4E11D281D7B00592AD1 /* libz.tbd */,
				9107A0FC066A6C45B68DBB70 /* libPods.a */,
			);
			name = Frameworks;
			sourceTree = "<group>";
		};
		7B8996C91D19813000EEDC8E = {
			isa = PBXGroup;
			children = (
				7B8996D41D19813000EEDC8E /* FFUtil */,
				7B8996F11D19813000EEDC8E /* FFUtilTests */,
				7B8996FC1D19813000EEDC8E /* FFUtilUITests */,
				7B8996D31D19813000EEDC8E /* Products */,
				498AFB88D06BC6B100E2CC34 /* Pods */,
				663F10B14D5CFD3CBA389A3F /* Frameworks */,
			);
			sourceTree = "<group>";
		};
		7B8996D31D19813000EEDC8E /* Products */ = {
			isa = PBXGroup;
			children = (
				7B8996D21D19813000EEDC8E /* FFUtil.app */,
				7B8996EE1D19813000EEDC8E /* FFUtilTests.xctest */,
				7B8996F91D19813000EEDC8E /* FFUtilUITests.xctest */,
			);
			name = Products;
			sourceTree = "<group>";
		};
		7B8996D41D19813000EEDC8E /* FFUtil */ = {
			isa = PBXGroup;
			children = (
				F3478F671D1A368000119E8E /* Classes */,
				7B8996D81D19813000EEDC8E /* AppDelegate.h */,
				7B8996D91D19813000EEDC8E /* AppDelegate.m */,
				7B8996E41D19813000EEDC8E /* Assets.xcassets */,
				7B8996E91D19813000EEDC8E /* Info.plist */,
				7B8996E11D19813000EEDC8E /* FFUtil.xcdatamodeld */,
				7B8996D51D19813000EEDC8E /* Supporting Files */,
			);
			path = FFUtil;
			sourceTree = "<group>";
		};
		7B8996D51D19813000EEDC8E /* Supporting Files */ = {
			isa = PBXGroup;
			children = (
				7B8996D61D19813000EEDC8E /* main.m */,
			);
			name = "Supporting Files";
			sourceTree = "<group>";
		};
		7B8996F11D19813000EEDC8E /* FFUtilTests */ = {
			isa = PBXGroup;
			children = (
				7B8996F21D19813000EEDC8E /* FFUtilTests.m */,
				7B8996F41D19813000EEDC8E /* Info.plist */,
			);
			path = FFUtilTests;
			sourceTree = "<group>";
		};
		7B8996FC1D19813000EEDC8E /* FFUtilUITests */ = {
			isa = PBXGroup;
			children = (
				7B8996FD1D19813000EEDC8E /* FFUtilUITests.m */,
				7B8996FF1D19813000EEDC8E /* Info.plist */,
			);
			path = FFUtilUITests;
			sourceTree = "<group>";
		};
		F33B75CA1D4603D400C494D0 /* AutoLayoutDemo */ = {
			isa = PBXGroup;
			children = (
				F33B75D11D4604FD00C494D0 /* FFAutoLayout */,
				F33B75CB1D4603EF00C494D0 /* Controller */,
			);
			path = AutoLayoutDemo;
			sourceTree = "<group>";
		};
		F33B75CB1D4603EF00C494D0 /* Controller */ = {
			isa = PBXGroup;
			children = (
				F33B75CC1D46042400C494D0 /* FFAutoLayoutDemoController.h */,
				F33B75CD1D46042400C494D0 /* FFAutoLayoutDemoController.m */,
				F33B75CE1D46042400C494D0 /* FFAutoLayoutDemoController.xib */,
			);
			path = Controller;
			sourceTree = "<group>";
		};
		F33B75D11D4604FD00C494D0 /* FFAutoLayout */ = {
			isa = PBXGroup;
			children = (
				F33B75D21D46055100C494D0 /* UIView+FFAutoLayout.h */,
				F33B75D31D46055100C494D0 /* UIView+FFAutoLayout.m */,
			);
			path = FFAutoLayout;
			sourceTree = "<group>";
		};
		F3478F671D1A368000119E8E /* Classes */ = {
			isa = PBXGroup;
			children = (
				F33B75CA1D4603D400C494D0 /* AutoLayoutDemo */,
				F3478F681D1A368000119E8E /* Common */,
				F3478F6A1D1A368000119E8E /* Lib */,
				F3478F6B1D1A368000119E8E /* Main */,
				F3478F711D1A368000119E8E /* Ressource */,
				F3478F721D1A368000119E8E /* Test */,
			);
			path = Classes;
			sourceTree = "<group>";
		};
		F3478F681D1A368000119E8E /* Common */ = {
			isa = PBXGroup;
			children = (
				F3EF81591D287CDE005C1BC1 /* Util */,
				F3478F691D1A368000119E8E /* Category */,
			);
			path = Common;
			sourceTree = "<group>";
		};
		F3478F691D1A368000119E8E /* Category */ = {
			isa = PBXGroup;
			children = (
			);
			path = Category;
			sourceTree = "<group>";
		};
		F3478F6A1D1A368000119E8E /* Lib */ = {
			isa = PBXGroup;
			children = (
				F35CE4DE1D281A5300592AD1 /* IflyMSC */,
			);
			path = Lib;
			sourceTree = "<group>";
		};
		F3478F6B1D1A368000119E8E /* Main */ = {
			isa = PBXGroup;
			children = (
				F3478F6C1D1A368000119E8E /* Config */,
				F3478F6D1D1A368000119E8E /* Controller */,
				F3478F6E1D1A368000119E8E /* Model */,
				F3478F6F1D1A368000119E8E /* Util */,
				F3478F701D1A368000119E8E /* View */,
			);
			path = Main;
			sourceTree = "<group>";
		};
		F3478F6C1D1A368000119E8E /* Config */ = {
			isa = PBXGroup;
			children = (
				F3478F791D1A37AC00119E8E /* FFDefine.h */,
				F3478F7A1D1A37AC00119E8E /* FFDefine.m */,
			);
			path = Config;
			sourceTree = "<group>";
		};
		F3478F6D1D1A368000119E8E /* Controller */ = {
			isa = PBXGroup;
			children = (
				F3478F761D1A374A00119E8E /* FFTabBarController.h */,
				F3478F771D1A374A00119E8E /* FFTabBarController.m */,
				F3478F731D1A373600119E8E /* FFNavigationController.h */,
				F3478F741D1A373600119E8E /* FFNavigationController.m */,
			);
			path = Controller;
			sourceTree = "<group>";
		};
		F3478F6E1D1A368000119E8E /* Model */ = {
			isa = PBXGroup;
			children = (
			);
			path = Model;
			sourceTree = "<group>";
		};
		F3478F6F1D1A368000119E8E /* Util */ = {
			isa = PBXGroup;
			children = (
			);
			path = Util;
			sourceTree = "<group>";
		};
		F3478F701D1A368000119E8E /* View */ = {
			isa = PBXGroup;
			children = (
			);
			path = View;
			sourceTree = "<group>";
		};
		F3478F711D1A368000119E8E /* Ressource */ = {
			isa = PBXGroup;
			children = (
				7B8996E61D19813000EEDC8E /* LaunchScreen.storyboard */,
			);
			path = Ressource;
			sourceTree = "<group>";
		};
		F3478F721D1A368000119E8E /* Test */ = {
			isa = PBXGroup;
			children = (
				F3478F7C1D1A382000119E8E /* FFTest1Controller.h */,
				F3478F7D1D1A382000119E8E /* FFTest1Controller.m */,
				F3478F7E1D1A382000119E8E /* FFTest1Controller.xib */,
				F3478F811D1A383000119E8E /* FFTest2Controller.h */,
				F3478F821D1A383000119E8E /* FFTest2Controller.m */,
				F3478F831D1A383000119E8E /* FFTest2Controller.xib */,
				F3478F861D1A383E00119E8E /* FFTest3Controller.h */,
				F3478F871D1A383E00119E8E /* FFTest3Controller.m */,
				F3478F881D1A383E00119E8E /* FFTest3Controller.xib */,
				F3478F8B1D1A384B00119E8E /* FFTest4Controller.h */,
				F3478F8C1D1A384B00119E8E /* FFTest4Controller.m */,
				F3478F8D1D1A384B00119E8E /* FFTest4Controller.xib */,
			);
			path = Test;
			sourceTree = "<group>";
		};
		F35CE4DE1D281A5300592AD1 /* IflyMSC */ = {
			isa = PBXGroup;
			children = (
				F35CE4DF1D281C2300592AD1 /* iflyMSC.framework */,
			);
			path = IflyMSC;
			sourceTree = "<group>";
		};
		F3EF81591D287CDE005C1BC1 /* Util */ = {
			isa = PBXGroup;
			children = (
				F3EF81601D28BE2F005C1BC1 /* ISRDataHelper.h */,
				F3EF81611D28BE2F005C1BC1 /* ISRDataHelper.m */,
				F3EF815D1D28BCAF005C1BC1 /* IATConfig.h */,
				F3EF815E1D28BCAF005C1BC1 /* IATConfig.m */,
				F3EF815A1D287D22005C1BC1 /* FFVoiceUtil.h */,
				F3EF815B1D287D22005C1BC1 /* FFVoiceUtil.m */,
			);
			path = Util;
			sourceTree = "<group>";
		};
/* End PBXGroup section */

/* Begin PBXNativeTarget section */
		7B8996D11D19813000EEDC8E /* FFUtil */ = {
			isa = PBXNativeTarget;
			buildConfigurationList = 7B8997021D19813000EEDC8E /* Build configuration list for PBXNativeTarget "FFUtil" */;
			buildPhases = (
				D47A5FE18107066CE70C8034 /* Check Pods Manifest.lock */,
				7B8996CE1D19813000EEDC8E /* Sources */,
				7B8996CF1D19813000EEDC8E /* Frameworks */,
				7B8996D01D19813000EEDC8E /* Resources */,
				3A683182B34534E268EBAB24 /* Embed Pods Frameworks */,
				4A2064C74F017676CD5B34E9 /* Copy Pods Resources */,
			);
			buildRules = (
			);
			dependencies = (
			);
			name = FFUtil;
			productName = FFUtil;
			productReference = 7B8996D21D19813000EEDC8E /* FFUtil.app */;
			productType = "com.apple.product-type.application";
		};
		7B8996ED1D19813000EEDC8E /* FFUtilTests */ = {
			isa = PBXNativeTarget;
			buildConfigurationList = 7B8997051D19813000EEDC8E /* Build configuration list for PBXNativeTarget "FFUtilTests" */;
			buildPhases = (
				7B8996EA1D19813000EEDC8E /* Sources */,
				7B8996EB1D19813000EEDC8E /* Frameworks */,
				7B8996EC1D19813000EEDC8E /* Resources */,
			);
			buildRules = (
			);
			dependencies = (
				7B8996F01D19813000EEDC8E /* PBXTargetDependency */,
			);
			name = FFUtilTests;
			productName = FFUtilTests;
			productReference = 7B8996EE1D19813000EEDC8E /* FFUtilTests.xctest */;
			productType = "com.apple.product-type.bundle.unit-test";
		};
		7B8996F81D19813000EEDC8E /* FFUtilUITests */ = {
			isa = PBXNativeTarget;
			buildConfigurationList = 7B8997081D19813000EEDC8E /* Build configuration list for PBXNativeTarget "FFUtilUITests" */;
			buildPhases = (
				7B8996F51D19813000EEDC8E /* Sources */,
				7B8996F61D19813000EEDC8E /* Frameworks */,
				7B8996F71D19813000EEDC8E /* Resources */,
			);
			buildRules = (
			);
			dependencies = (
				7B8996FB1D19813000EEDC8E /* PBXTargetDependency */,
			);
			name = FFUtilUITests;
			productName = FFUtilUITests;
			productReference = 7B8996F91D19813000EEDC8E /* FFUtilUITests.xctest */;
			productType = "com.apple.product-type.bundle.ui-testing";
		};
/* End PBXNativeTarget section */

/* Begin PBXProject section */
		7B8996CA1D19813000EEDC8E /* Project object */ = {
			isa = PBXProject;
			attributes = {
				CLASSPREFIX = FF;
				LastUpgradeCheck = 0730;
				ORGANIZATIONNAME = nono;
				TargetAttributes = {
					7B8996D11D19813000EEDC8E = {
						CreatedOnToolsVersion = 7.3.1;
					};
					7B8996ED1D19813000EEDC8E = {
						CreatedOnToolsVersion = 7.3.1;
						TestTargetID = 7B8996D11D19813000EEDC8E;
					};
					7B8996F81D19813000EEDC8E = {
						CreatedOnToolsVersion = 7.3.1;
						TestTargetID = 7B8996D11D19813000EEDC8E;
					};
				};
			};
			buildConfigurationList = 7B8996CD1D19813000EEDC8E /* Build configuration list for PBXProject "FFUtil" */;
			compatibilityVersion = "Xcode 3.2";
			developmentRegion = English;
			hasScannedForEncodings = 0;
			knownRegions = (
				en,
				Base,
			);
			mainGroup = 7B8996C91D19813000EEDC8E;
			productRefGroup = 7B8996D31D19813000EEDC8E /* Products */;
			projectDirPath = "";
			projectRoot = "";
			targets = (
				7B8996D11D19813000EEDC8E /* FFUtil */,
				7B8996ED1D19813000EEDC8E /* FFUtilTests */,
				7B8996F81D19813000EEDC8E /* FFUtilUITests */,
			);
		};
/* End PBXProject section */

/* Begin PBXResourcesBuildPhase section */
		7B8996D01D19813000EEDC8E /* Resources */ = {
			isa = PBXResourcesBuildPhase;
			buildActionMask = 2147483647;
			files = (
				F3478F851D1A383000119E8E /* FFTest2Controller.xib in Resources */,
				7B8996E81D19813000EEDC8E /* LaunchScreen.storyboard in Resources */,
				F3478F801D1A382000119E8E /* FFTest1Controller.xib in Resources */,
				7B8996E51D19813000EEDC8E /* Assets.xcassets in Resources */,
				F3478F8F1D1A384B00119E8E /* FFTest4Controller.xib in Resources */,
				F33B75D01D46042400C494D0 /* FFAutoLayoutDemoController.xib in Resources */,
				F3478F8A1D1A383E00119E8E /* FFTest3Controller.xib in Resources */,
			);
			runOnlyForDeploymentPostprocessing = 0;
		};
		7B8996EC1D19813000EEDC8E /* Resources */ = {
			isa = PBXResourcesBuildPhase;
			buildActionMask = 2147483647;
			files = (
			);
			runOnlyForDeploymentPostprocessing = 0;
		};
		7B8996F71D19813000EEDC8E /* Resources */ = {
			isa = PBXResourcesBuildPhase;
			buildActionMask = 2147483647;
			files = (
			);
			runOnlyForDeploymentPostprocessing = 0;
		};
/* End PBXResourcesBuildPhase section */

/* Begin PBXShellScriptBuildPhase section */
		3A683182B34534E268EBAB24 /* Embed Pods Frameworks */ = {
			isa = PBXShellScriptBuildPhase;
			buildActionMask = 2147483647;
			files = (
			);
			inputPaths = (
			);
			name = "Embed Pods Frameworks";
			outputPaths = (
			);
			runOnlyForDeploymentPostprocessing = 0;
			shellPath = /bin/sh;
			shellScript = "\"${SRCROOT}/Pods/Target Support Files/Pods/Pods-frameworks.sh\"\n";
			showEnvVarsInLog = 0;
		};
		4A2064C74F017676CD5B34E9 /* Copy Pods Resources */ = {
			isa = PBXShellScriptBuildPhase;
			buildActionMask = 2147483647;
			files = (
			);
			inputPaths = (
			);
			name = "Copy Pods Resources";
			outputPaths = (
			);
			runOnlyForDeploymentPostprocessing = 0;
			shellPath = /bin/sh;
			shellScript = "\"${SRCROOT}/Pods/Target Support Files/Pods/Pods-resources.sh\"\n";
			showEnvVarsInLog = 0;
		};
		D47A5FE18107066CE70C8034 /* Check Pods Manifest.lock */ = {
			isa = PBXShellScriptBuildPhase;
			buildActionMask = 2147483647;
			files = (
			);
			inputPaths = (
			);
			name = "Check Pods Manifest.lock";
			outputPaths = (
			);
			runOnlyForDeploymentPostprocessing = 0;
			shellPath = /bin/sh;
			shellScript = "diff \"${PODS_ROOT}/../Podfile.lock\" \"${PODS_ROOT}/Manifest.lock\" > /dev/null\nif [[ $? != 0 ]] ; then\n    cat << EOM\nerror: The sandbox is not in sync with the Podfile.lock. Run 'pod install' or update your CocoaPods installation.\nEOM\n    exit 1\nfi\n";
			showEnvVarsInLog = 0;
		};
/* End PBXShellScriptBuildPhase section */

/* Begin PBXSourcesBuildPhase section */
		7B8996CE1D19813000EEDC8E /* Sources */ = {
			isa = PBXSourcesBuildPhase;
			buildActionMask = 2147483647;
			files = (
				F3EF81621D28BE2F005C1BC1 /* ISRDataHelper.m in Sources */,
				F3478F891D1A383E00119E8E /* FFTest3Controller.m in Sources */,
				F3478F841D1A383000119E8E /* FFTest2Controller.m in Sources */,
				7B8996E31D19813000EEDC8E /* FFUtil.xcdatamodeld in Sources */,
				F3478F7F1D1A382000119E8E /* FFTest1Controller.m in Sources */,
				F3478F781D1A374A00119E8E /* FFTabBarController.m in Sources */,
				7B8996DA1D19813000EEDC8E /* AppDelegate.m in Sources */,
				F3EF815F1D28BCAF005C1BC1 /* IATConfig.m in Sources */,
				7B8996D71D19813000EEDC8E /* main.m in Sources */,
				F33B75D41D46055100C494D0 /* UIView+FFAutoLayout.m in Sources */,
				F33B75CF1D46042400C494D0 /* FFAutoLayoutDemoController.m in Sources */,
				F3478F7B1D1A37AC00119E8E /* FFDefine.m in Sources */,
				F3478F8E1D1A384B00119E8E /* FFTest4Controller.m in Sources */,
				F3EF815C1D287D22005C1BC1 /* FFVoiceUtil.m in Sources */,
				F3478F751D1A373600119E8E /* FFNavigationController.m in Sources */,
			);
			runOnlyForDeploymentPostprocessing = 0;
		};
		7B8996EA1D19813000EEDC8E /* Sources */ = {
			isa = PBXSourcesBuildPhase;
			buildActionMask = 2147483647;
			files = (
				7B8996F31D19813000EEDC8E /* FFUtilTests.m in Sources */,
			);
			runOnlyForDeploymentPostprocessing = 0;
		};
		7B8996F51D19813000EEDC8E /* Sources */ = {
			isa = PBXSourcesBuildPhase;
			buildActionMask = 2147483647;
			files = (
				7B8996FE1D19813000EEDC8E /* FFUtilUITests.m in Sources */,
			);
			runOnlyForDeploymentPostprocessing = 0;
		};
/* End PBXSourcesBuildPhase section */

/* Begin PBXTargetDependency section */
		7B8996F01D19813000EEDC8E /* PBXTargetDependency */ = {
			isa = PBXTargetDependency;
			target = 7B8996D11D19813000EEDC8E /* FFUtil */;
			targetProxy = 7B8996EF1D19813000EEDC8E /* PBXContainerItemProxy */;
		};
		7B8996FB1D19813000EEDC8E /* PBXTargetDependency */ = {
			isa = PBXTargetDependency;
			target = 7B8996D11D19813000EEDC8E /* FFUtil */;
			targetProxy = 7B8996FA1D19813000EEDC8E /* PBXContainerItemProxy */;
		};
/* End PBXTargetDependency section */

/* Begin PBXVariantGroup section */
		7B8996E61D19813000EEDC8E /* LaunchScreen.storyboard */ = {
			isa = PBXVariantGroup;
			children = (
				7B8996E71D19813000EEDC8E /* Base */,
			);
			name = LaunchScreen.storyboard;
			path = ../..;
			sourceTree = "<group>";
		};
/* End PBXVariantGroup section */

/* Begin XCBuildConfiguration section */
		7B8997001D19813000EEDC8E /* Debug */ = {
			isa = XCBuildConfiguration;
			buildSettings = {
				ALWAYS_SEARCH_USER_PATHS = NO;
				CLANG_ANALYZER_NONNULL = YES;
				CLANG_CXX_LANGUAGE_STANDARD = "gnu++0x";
				CLANG_CXX_LIBRARY = "libc++";
				CLANG_ENABLE_MODULES = YES;
				CLANG_ENABLE_OBJC_ARC = YES;
				CLANG_WARN_BOOL_CONVERSION = YES;
				CLANG_WARN_CONSTANT_CONVERSION = YES;
				CLANG_WARN_DIRECT_OBJC_ISA_USAGE = YES_ERROR;
				CLANG_WARN_EMPTY_BODY = YES;
				CLANG_WARN_ENUM_CONVERSION = YES;
				CLANG_WARN_INT_CONVERSION = YES;
				CLANG_WARN_OBJC_ROOT_CLASS = YES_ERROR;
				CLANG_WARN_UNREACHABLE_CODE = YES;
				CLANG_WARN__DUPLICATE_METHOD_MATCH = YES;
				"CODE_SIGN_IDENTITY[sdk=iphoneos*]" = "iPhone Developer";
				COPY_PHASE_STRIP = NO;
				DEBUG_INFORMATION_FORMAT = dwarf;
				ENABLE_STRICT_OBJC_MSGSEND = YES;
				ENABLE_TESTABILITY = YES;
				GCC_C_LANGUAGE_STANDARD = gnu99;
				GCC_DYNAMIC_NO_PIC = NO;
				GCC_NO_COMMON_BLOCKS = YES;
				GCC_OPTIMIZATION_LEVEL = 0;
				GCC_PREPROCESSOR_DEFINITIONS = (
					"DEBUG=1",
					"$(inherited)",
				);
				GCC_WARN_64_TO_32_BIT_CONVERSION = YES;
				GCC_WARN_ABOUT_RETURN_TYPE = YES_ERROR;
				GCC_WARN_UNDECLARED_SELECTOR = YES;
				GCC_WARN_UNINITIALIZED_AUTOS = YES_AGGRESSIVE;
				GCC_WARN_UNUSED_FUNCTION = YES;
				GCC_WARN_UNUSED_VARIABLE = YES;
				IPHONEOS_DEPLOYMENT_TARGET = 9.3;
				MTL_ENABLE_DEBUG_INFO = YES;
				ONLY_ACTIVE_ARCH = YES;
				SDKROOT = iphoneos;
			};
			name = Debug;
		};
		7B8997011D19813000EEDC8E /* Release */ = {
			isa = XCBuildConfiguration;
			buildSettings = {
				ALWAYS_SEARCH_USER_PATHS = NO;
				CLANG_ANALYZER_NONNULL = YES;
				CLANG_CXX_LANGUAGE_STANDARD = "gnu++0x";
				CLANG_CXX_LIBRARY = "libc++";
				CLANG_ENABLE_MODULES = YES;
				CLANG_ENABLE_OBJC_ARC = YES;
				CLANG_WARN_BOOL_CONVERSION = YES;
				CLANG_WARN_CONSTANT_CONVERSION = YES;
				CLANG_WARN_DIRECT_OBJC_ISA_USAGE = YES_ERROR;
				CLANG_WARN_EMPTY_BODY = YES;
				CLANG_WARN_ENUM_CONVERSION = YES;
				CLANG_WARN_INT_CONVERSION = YES;
				CLANG_WARN_OBJC_ROOT_CLASS = YES_ERROR;
				CLANG_WARN_UNREACHABLE_CODE = YES;
				CLANG_WARN__DUPLICATE_METHOD_MATCH = YES;
				"CODE_SIGN_IDENTITY[sdk=iphoneos*]" = "iPhone Developer";
				COPY_PHASE_STRIP = NO;
				DEBUG_INFORMATION_FORMAT = "dwarf-with-dsym";
				ENABLE_NS_ASSERTIONS = NO;
				ENABLE_STRICT_OBJC_MSGSEND = YES;
				GCC_C_LANGUAGE_STANDARD = gnu99;
				GCC_NO_COMMON_BLOCKS = YES;
				GCC_WARN_64_TO_32_BIT_CONVERSION = YES;
				GCC_WARN_ABOUT_RETURN_TYPE = YES_ERROR;
				GCC_WARN_UNDECLARED_SELECTOR = YES;
				GCC_WARN_UNINITIALIZED_AUTOS = YES_AGGRESSIVE;
				GCC_WARN_UNUSED_FUNCTION = YES;
				GCC_WARN_UNUSED_VARIABLE = YES;
				IPHONEOS_DEPLOYMENT_TARGET = 9.3;
				MTL_ENABLE_DEBUG_INFO = NO;
				SDKROOT = iphoneos;
				VALIDATE_PRODUCT = YES;
			};
			name = Release;
		};
		7B8997031D19813000EEDC8E /* Debug */ = {
			isa = XCBuildConfiguration;
			baseConfigurationReference = 838999ED8DE8296D398875C8 /* Pods.debug.xcconfig */;
			buildSettings = {
				ASSETCATALOG_COMPILER_APPICON_NAME = AppIcon;
				ENABLE_BITCODE = NO;
				FRAMEWORK_SEARCH_PATHS = (
					"$(inherited)",
					"$(PROJECT_DIR)/FFUtil/Classes/Lib/IflyMSC",
				);
				INFOPLIST_FILE = FFUtil/Info.plist;
				LD_RUNPATH_SEARCH_PATHS = "$(inherited) @executable_path/Frameworks";
				PRODUCT_BUNDLE_IDENTIFIER = com.old.wang.FFUtil;
				PRODUCT_NAME = "$(TARGET_NAME)";
			};
			name = Debug;
		};
		7B8997041D19813000EEDC8E /* Release */ = {
			isa = XCBuildConfiguration;
			baseConfigurationReference = F26C67B5AD09FF3FDAC60951 /* Pods.release.xcconfig */;
			buildSettings = {
				ASSETCATALOG_COMPILER_APPICON_NAME = AppIcon;
				ENABLE_BITCODE = NO;
				FRAMEWORK_SEARCH_PATHS = (
					"$(inherited)",
					"$(PROJECT_DIR)/FFUtil/Classes/Lib/IflyMSC",
				);
				INFOPLIST_FILE = FFUtil/Info.plist;
				LD_RUNPATH_SEARCH_PATHS = "$(inherited) @executable_path/Frameworks";
				PRODUCT_BUNDLE_IDENTIFIER = com.old.wang.FFUtil;
				PRODUCT_NAME = "$(TARGET_NAME)";
			};
			name = Release;
		};
		7B8997061D19813000EEDC8E /* Debug */ = {
			isa = XCBuildConfiguration;
			buildSettings = {
				BUNDLE_LOADER = "$(TEST_HOST)";
				INFOPLIST_FILE = FFUtilTests/Info.plist;
				LD_RUNPATH_SEARCH_PATHS = "$(inherited) @executable_path/Frameworks @loader_path/Frameworks";
				PRODUCT_BUNDLE_IDENTIFIER = com.old.wang.FFUtilTests;
				PRODUCT_NAME = "$(TARGET_NAME)";
				TEST_HOST = "$(BUILT_PRODUCTS_DIR)/FFUtil.app/FFUtil";
			};
			name = Debug;
		};
		7B8997071D19813000EEDC8E /* Release */ = {
			isa = XCBuildConfiguration;
			buildSettings = {
				BUNDLE_LOADER = "$(TEST_HOST)";
				INFOPLIST_FILE = FFUtilTests/Info.plist;
				LD_RUNPATH_SEARCH_PATHS = "$(inherited) @executable_path/Frameworks @loader_path/Frameworks";
				PRODUCT_BUNDLE_IDENTIFIER = com.old.wang.FFUtilTests;
				PRODUCT_NAME = "$(TARGET_NAME)";
				TEST_HOST = "$(BUILT_PRODUCTS_DIR)/FFUtil.app/FFUtil";
			};
			name = Release;
		};
		7B8997091D19813000EEDC8E /* Debug */ = {
			isa = XCBuildConfiguration;
			buildSettings = {
				INFOPLIST_FILE = FFUtilUITests/Info.plist;
				LD_RUNPATH_SEARCH_PATHS = "$(inherited) @executable_path/Frameworks @loader_path/Frameworks";
				PRODUCT_BUNDLE_IDENTIFIER = com.old.wang.FFUtilUITests;
				PRODUCT_NAME = "$(TARGET_NAME)";
				TEST_TARGET_NAME = FFUtil;
			};
			name = Debug;
		};
		7B89970A1D19813000EEDC8E /* Release */ = {
			isa = XCBuildConfiguration;
			buildSettings = {
				INFOPLIST_FILE = FFUtilUITests/Info.plist;
				LD_RUNPATH_SEARCH_PATHS = "$(inherited) @executable_path/Frameworks @loader_path/Frameworks";
				PRODUCT_BUNDLE_IDENTIFIER = com.old.wang.FFUtilUITests;
				PRODUCT_NAME = "$(TARGET_NAME)";
				TEST_TARGET_NAME = FFUtil;
			};
			name = Release;
		};
/* End XCBuildConfiguration section */

/* Begin XCConfigurationList section */
		7B8996CD1D19813000EEDC8E /* Build configuration list for PBXProject "FFUtil" */ = {
			isa = XCConfigurationList;
			buildConfigurations = (
				7B8997001D19813000EEDC8E /* Debug */,
				7B8997011D19813000EEDC8E /* Release */,
			);
			defaultConfigurationIsVisible = 0;
			defaultConfigurationName = Release;
		};
		7B8997021D19813000EEDC8E /* Build configuration list for PBXNativeTarget "FFUtil" */ = {
			isa = XCConfigurationList;
			buildConfigurations = (
				7B8997031D19813000EEDC8E /* Debug */,
				7B8997041D19813000EEDC8E /* Release */,
			);
			defaultConfigurationIsVisible = 0;
			defaultConfigurationName = Release;
		};
		7B8997051D19813000EEDC8E /* Build configuration list for PBXNativeTarget "FFUtilTests" */ = {
			isa = XCConfigurationList;
			buildConfigurations = (
				7B8997061D19813000EEDC8E /* Debug */,
				7B8997071D19813000EEDC8E /* Release */,
			);
			defaultConfigurationIsVisible = 0;
			defaultConfigurationName = Release;
		};
		7B8997081D19813000EEDC8E /* Build configuration list for PBXNativeTarget "FFUtilUITests" */ = {
			isa = XCConfigurationList;
			buildConfigurations = (
				7B8997091D19813000EEDC8E /* Debug */,
				7B89970A1D19813000EEDC8E /* Release */,
			);
			defaultConfigurationIsVisible = 0;
			defaultConfigurationName = Release;
		};
/* End XCConfigurationList section */

/* Begin XCVersionGroup section */
		7B8996E11D19813000EEDC8E /* FFUtil.xcdatamodeld */ = {
			isa = XCVersionGroup;
			children = (
				7B8996E21D19813000EEDC8E /* FFUtil.xcdatamodel */,
			);
			currentVersion = 7B8996E21D19813000EEDC8E /* FFUtil.xcdatamodel */;
			path = FFUtil.xcdatamodeld;
			sourceTree = "<group>";
			versionGroupType = wrapper.xcdatamodel;
		};
/* End XCVersionGroup section */
	};
	rootObject = 7B8996CA1D19813000EEDC8E /* Project object */;
}
